
Microsoft Visual Studio Solution File, Format Version 12.00
# Visual Studio 15
Project("{FAE04EC0-301F-11D3-BF4B-00C04F79EFBC}") = "UnityEngine.UI", "UnityEngine.UI.csproj", "{5349E751-F2DD-5F6C-CCC2-6AD1E11A3442}"
EndProject
Project("{FAE04EC0-301F-11D3-BF4B-00C04F79EFBC}") = "Unity.XR.ARSubsystems", "Unity.XR.ARSubsystems.csproj", "{BAA74EFA-807C-4131-8723-65041A09EEAE}"
EndProject
Project("{FAE04EC0-301F-11D3-BF4B-00C04F79EFBC}") = "UnityEngine.TestRunner", "UnityEngine.TestRunner.csproj", "{EF573D8E-DD42-56F7-739B-3796FFCBF690}"
EndProject
Project("{FAE04EC0-301F-11D3-BF4B-00C04F79EFBC}") = "Unity.XR.ARKit", "Unity.XR.ARKit.csproj", "{FF78BFDD-5981-1E22-57A9-1E17BD7AF41A}"
EndProject
Project("{FAE04EC0-301F-11D3-BF4B-00C04F79EFBC}") = "Unity.TextMeshPro", "Unity.TextMeshPro.csproj", "{7E0564AB-D910-F9B7-2701-56918550BD11}"
EndProject
Project("{FAE04EC0-301F-11D3-BF4B-00C04F79EFBC}") = "Assembly-CSharp", "Assembly-CSharp.csproj", "{70DD67B3-74DF-55C1-B0DC-502B229A9DEA}"
EndProject
Project("{FAE04EC0-301F-11D3-BF4B-00C04F79EFBC}") = "Unity.Timeline", "Unity.Timeline.csproj", "{CD7B3A6D-96B4-6B65-CEF3-BD6007D0F5BC}"
EndProject
Project("{FAE04EC0-301F-11D3-BF4B-00C04F79EFBC}") = "LeanTouch", "LeanTouch.csproj", "{DCB352E8-A94B-2F95-DF37-CE53F888C3D2}"
EndProject
Project("{FAE04EC0-301F-11D3-BF4B-00C04F79EFBC}") = "Unity.XR.ARFoundation", "Unity.XR.ARFoundation.csproj", "{DABF4E76-F973-90D6-17F5-DB462343FC5D}"
EndProject
Project("{FAE04EC0-301F-11D3-BF4B-00C04F79EFBC}") = "UnityEngine.XR.LegacyInputHelpers", "UnityEngine.XR.LegacyInputHelpers.csproj", "{CF0E6226-DD1E-21E3-667E-F384795417C1}"
EndProject
Project("{FAE04EC0-301F-11D3-BF4B-00C04F79EFBC}") = "Unity.XR.ARCore", "Unity.XR.ARCore.csproj", "{3C8412C9-AC2B-53DB-CA1B-BCD12D4672CE}"
EndProject
Project("{FAE04EC0-301F-11D3-BF4B-00C04F79EFBC}") = "Unity.XR.Management", "Unity.XR.Management.csproj", "{EC7C647F-CEFE-B3BB-9DFE-16707B33DCA0}"
EndProject
Project("{FAE04EC0-301F-11D3-BF4B-00C04F79EFBC}") = "LeanCommon", "LeanCommon.csproj", "{D380E1FA-2C8E-D8BA-0C2F-11B484D0341E}"
EndProject
Project("{FAE04EC0-301F-11D3-BF4B-00C04F79EFBC}") = "Unity.Subsystem.Registration", "Unity.Subsystem.Registration.csproj", "{36F65491-970D-DEAF-81FB-F1F09A21FB76}"
EndProject
Project("{FAE04EC0-301F-11D3-BF4B-00C04F79EFBC}") = "UnityEngine.SpatialTracking", "UnityEngine.SpatialTracking.csproj", "{43D68F9C-27DF-778E-3E9E-7C6BB0F4F5D0}"
EndProject
Project("{FAE04EC0-301F-11D3-BF4B-00C04F79EFBC}") = "UnityEditor.TestRunner", "UnityEditor.TestRunner.csproj", "{EEE8A96F-58FB-C2A6-936F-4CDAA8FF4449}"
EndProject
Project("{FAE04EC0-301F-11D3-BF4B-00C04F79EFBC}") = "Unity.TextMeshPro.Editor", "Unity.TextMeshPro.Editor.csproj", "{C8D3D33D-42B6-D7C3-F218-3176A006BE26}"
EndProject
Project("{FAE04EC0-301F-11D3-BF4B-00C04F79EFBC}") = "Unity.Timeline.Editor", "Unity.Timeline.Editor.csproj", "{A28F113E-EEAC-AEBF-E6A8-4C80C7AAAF07}"
EndProject
Project("{FAE04EC0-301F-11D3-BF4B-00C04F79EFBC}") = "Unity.XR.ARCore.Editor", "Unity.XR.ARCore.Editor.csproj", "{FF1A0F6F-ABBC-BDC0-A602-1D6514CEFBA8}"
EndProject
Project("{FAE04EC0-301F-11D3-BF4B-00C04F79EFBC}") = "UnityEditor.UI", "UnityEditor.UI.csproj", "{01DCF850-3616-D0E3-17B9-8688FA11A456}"
EndProject
Project("{FAE04EC0-301F-11D3-BF4B-00C04F79EFBC}") = "Unity.Rider.Editor", "Unity.Rider.Editor.csproj", "{4C1FB2C2-C673-6D5B-0CDC-D37BDC834C7B}"
EndProject
Project("{FAE04EC0-301F-11D3-BF4B-00C04F79EFBC}") = "Unity.XR.ARSubsystems.Editor", "Unity.XR.ARSubsystems.Editor.csproj", "{B6B8358F-3233-370B-004D-5D0E8BC4082A}"
EndProject
Project("{FAE04EC0-301F-11D3-BF4B-00C04F79EFBC}") = "UnityEditor.XR.LegacyInputHelpers", "UnityEditor.XR.LegacyInputHelpers.csproj", "{951680C0-43A0-C408-5DD3-56041D1EC646}"
EndProject
Project("{FAE04EC0-301F-11D3-BF4B-00C04F79EFBC}") = "Unity.XR.ARKit.Editor", "Unity.XR.ARKit.Editor.csproj", "{29E337AB-9671-6F29-6DC9-6B643ACE5E63}"
EndProject
Project("{FAE04EC0-301F-11D3-BF4B-00C04F79EFBC}") = "Unity.XR.Management.Editor", "Unity.XR.Management.Editor.csproj", "{974B432B-D0E7-EDF3-8BA5-614D578C70BC}"
EndProject
Project("{FAE04EC0-301F-11D3-BF4B-00C04F79EFBC}") = "Unity.CollabProxy.Editor", "Unity.CollabProxy.Editor.csproj", "{BD435A56-5D90-3F90-FE90-B9EADFC4D70C}"
EndProject
Project("{FAE04EC0-301F-11D3-BF4B-00C04F79EFBC}") = "Unity.VSCode.Editor", "Unity.VSCode.Editor.csproj", "{AFA42ED3-5DCB-2610-E101-28FC7C61B0CC}"
EndProject
Project("{FAE04EC0-301F-11D3-BF4B-00C04F79EFBC}") = "Unity.XR.ARFoundation.Editor", "Unity.XR.ARFoundation.Editor.csproj", "{95179843-E9DE-A9BA-DB0A-AB1A09CB0362}"
EndProject
Project("{FAE04EC0-301F-11D3-BF4B-00C04F79EFBC}") = "Unity.InternalAPIEditorBridge.005", "Unity.InternalAPIEditorBridge.005.csproj", "{3298DEB1-BDD1-0488-19E0-85999684224D}"
EndProject
Project("{FAE04EC0-301F-11D3-BF4B-00C04F79EFBC}") = "Assembly-CSharp-Editor", "Assembly-CSharp-Editor.csproj", "{497D1F4F-BBE9-29EF-23D3-4C312D636988}"
EndProject
Project("{FAE04EC0-301F-11D3-BF4B-00C04F79EFBC}") = "UnityEditor.SpatialTracking", "UnityEditor.SpatialTracking.csproj", "{9D36C379-14C9-EF67-0142-3425D0436989}"
EndProject
Global
	GlobalSection(SolutionConfigurationPlatforms) = preSolution
		Debug|Any CPU = Debug|Any CPU
		Release|Any CPU = Release|Any CPU
	EndGlobalSection
	GlobalSection(ProjectConfigurationPlatforms) = postSolution
		{5349E751-F2DD-5F6C-CCC2-6AD1E11A3442}.Debug|Any CPU.ActiveCfg = Debug|Any CPU
		{5349E751-F2DD-5F6C-CCC2-6AD1E11A3442}.Debug|Any CPU.Build.0 = Debug|Any CPU
		{5349E751-F2DD-5F6C-CCC2-6AD1E11A3442}.Release|Any CPU.ActiveCfg = Release|Any CPU
		{5349E751-F2DD-5F6C-CCC2-6AD1E11A3442}.Release|Any CPU.Build.0 = Release|Any CPU
		{BAA74EFA-807C-4131-8723-65041A09EEAE}.Debug|Any CPU.ActiveCfg = Debug|Any CPU
		{BAA74EFA-807C-4131-8723-65041A09EEAE}.Debug|Any CPU.Build.0 = Debug|Any CPU
		{BAA74EFA-807C-4131-8723-65041A09EEAE}.Release|Any CPU.ActiveCfg = Release|Any CPU
		{BAA74EFA-807C-4131-8723-65041A09EEAE}.Release|Any CPU.Build.0 = Release|Any CPU
		{EF573D8E-DD42-56F7-739B-3796FFCBF690}.Debug|Any CPU.ActiveCfg = Debug|Any CPU
		{EF573D8E-DD42-56F7-739B-3796FFCBF690}.Debug|Any CPU.Build.0 = Debug|Any CPU
		{EF573D8E-DD42-56F7-739B-3796FFCBF690}.Release|Any CPU.ActiveCfg = Release|Any CPU
		{EF573D8E-DD42-56F7-739B-3796FFCBF690}.Release|Any CPU.Build.0 = Release|Any CPU
		{FF78BFDD-5981-1E22-57A9-1E17BD7AF41A}.Debug|Any CPU.ActiveCfg = Debug|Any CPU
		{FF78BFDD-5981-1E22-57A9-1E17BD7AF41A}.Debug|Any CPU.Build.0 = Debug|Any CPU
		{FF78BFDD-5981-1E22-57A9-1E17BD7AF41A}.Release|Any CPU.ActiveCfg = Release|Any CPU
		{FF78BFDD-5981-1E22-57A9-1E17BD7AF41A}.Release|Any CPU.Build.0 = Release|Any CPU
		{7E0564AB-D910-F9B7-2701-56918550BD11}.Debug|Any CPU.ActiveCfg = Debug|Any CPU
		{7E0564AB-D910-F9B7-2701-56918550BD11}.Debug|Any CPU.Build.0 = Debug|Any CPU
		{7E0564AB-D910-F9B7-2701-56918550BD11}.Release|Any CPU.ActiveCfg = Release|Any CPU
		{7E0564AB-D910-F9B7-2701-56918550BD11}.Release|Any CPU.Build.0 = Release|Any CPU
		{70DD67B3-74DF-55C1-B0DC-502B229A9DEA}.Debug|Any CPU.ActiveCfg = Debug|Any CPU
		{70DD67B3-74DF-55C1-B0DC-502B229A9DEA}.Debug|Any CPU.Build.0 = Debug|Any CPU
		{70DD67B3-74DF-55C1-B0DC-502B229A9DEA}.Release|Any CPU.ActiveCfg = Release|Any CPU
		{70DD67B3-74DF-55C1-B0DC-502B229A9DEA}.Release|Any CPU.Build.0 = Release|Any CPU
		{CD7B3A6D-96B4-6B65-CEF3-BD6007D0F5BC}.Debug|Any CPU.ActiveCfg = Debug|Any CPU
		{CD7B3A6D-96B4-6B65-CEF3-BD6007D0F5BC}.Debug|Any CPU.Build.0 = Debug|Any CPU
		{CD7B3A6D-96B4-6B65-CEF3-BD6007D0F5BC}.Release|Any CPU.ActiveCfg = Release|Any CPU
		{CD7B3A6D-96B4-6B65-CEF3-BD6007D0F5BC}.Release|Any CPU.Build.0 = Release|Any CPU
		{DCB352E8-A94B-2F95-DF37-CE53F888C3D2}.Debug|Any CPU.ActiveCfg = Debug|Any CPU
		{DCB352E8-A94B-2F95-DF37-CE53F888C3D2}.Debug|Any CPU.Build.0 = Debug|Any CPU
		{DCB352E8-A94B-2F95-DF37-CE53F888C3D2}.Release|Any CPU.ActiveCfg = Release|Any CPU
		{DCB352E8-A94B-2F95-DF37-CE53F888C3D2}.Release|Any CPU.Build.0 = Release|Any CPU
		{DABF4E76-F973-90D6-17F5-DB462343FC5D}.Debug|Any CPU.ActiveCfg = Debug|Any CPU
		{DABF4E76-F973-90D6-17F5-DB462343FC5D}.Debug|Any CPU.Build.0 = Debug|Any CPU
		{DABF4E76-F973-90D6-17F5-DB462343FC5D}.Release|Any CPU.ActiveCfg = Release|Any CPU
		{DABF4E76-F973-90D6-17F5-DB462343FC5D}.Release|Any CPU.Build.0 = Release|Any CPU
		{CF0E6226-DD1E-21E3-667E-F384795417C1}.Debug|Any CPU.ActiveCfg = Debug|Any CPU
		{CF0E6226-DD1E-21E3-667E-F384795417C1}.Debug|Any CPU.Build.0 = Debug|Any CPU
		{CF0E6226-DD1E-21E3-667E-F384795417C1}.Release|Any CPU.ActiveCfg = Release|Any CPU
		{CF0E6226-DD1E-21E3-667E-F384795417C1}.Release|Any CPU.Build.0 = Release|Any CPU
		{3C8412C9-AC2B-53DB-CA1B-BCD12D4672CE}.Debug|Any CPU.ActiveCfg = Debug|Any CPU
		{3C8412C9-AC2B-53DB-CA1B-BCD12D4672CE}.Debug|Any CPU.Build.0 = Debug|Any CPU
		{3C8412C9-AC2B-53DB-CA1B-BCD12D4672CE}.Release|Any CPU.ActiveCfg = Release|Any CPU
		{3C8412C9-AC2B-53DB-CA1B-BCD12D4672CE}.Release|Any CPU.Build.0 = Release|Any CPU
		{EC7C647F-CEFE-B3BB-9DFE-16707B33DCA0}.Debug|Any CPU.ActiveCfg = Debug|Any CPU
		{EC7C647F-CEFE-B3BB-9DFE-16707B33DCA0}.Debug|Any CPU.Build.0 = Debug|Any CPU
		{EC7C647F-CEFE-B3BB-9DFE-16707B33DCA0}.Release|Any CPU.ActiveCfg = Release|Any CPU
		{EC7C647F-CEFE-B3BB-9DFE-16707B33DCA0}.Release|Any CPU.Build.0 = Release|Any CPU
		{D380E1FA-2C8E-D8BA-0C2F-11B484D0341E}.Debug|Any CPU.ActiveCfg = Debug|Any CPU
		{D380E1FA-2C8E-D8BA-0C2F-11B484D0341E}.Debug|Any CPU.Build.0 = Debug|Any CPU
		{D380E1FA-2C8E-D8BA-0C2F-11B484D0341E}.Release|Any CPU.ActiveCfg = Release|Any CPU
		{D380E1FA-2C8E-D8BA-0C2F-11B484D0341E}.Release|Any CPU.Build.0 = Release|Any CPU
		{36F65491-970D-DEAF-81FB-F1F09A21FB76}.Debug|Any CPU.ActiveCfg = Debug|Any CPU
		{36F65491-970D-DEAF-81FB-F1F09A21FB76}.Debug|Any CPU.Build.0 = Debug|Any CPU
		{36F65491-970D-DEAF-81FB-F1F09A21FB76}.Release|Any CPU.ActiveCfg = Release|Any CPU
		{36F65491-970D-DEAF-81FB-F1F09A21FB76}.Release|Any CPU.Build.0 = Release|Any CPU
		{43D68F9C-27DF-778E-3E9E-7C6BB0F4F5D0}.Debug|Any CPU.ActiveCfg = Debug|Any CPU
		{43D68F9C-27DF-778E-3E9E-7C6BB0F4F5D0}.Debug|Any CPU.Build.0 = Debug|Any CPU
		{43D68F9C-27DF-778E-3E9E-7C6BB0F4F5D0}.Release|Any CPU.ActiveCfg = Release|Any CPU
		{43D68F9C-27DF-778E-3E9E-7C6BB0F4F5D0}.Release|Any CPU.Build.0 = Release|Any CPU
		{EEE8A96F-58FB-C2A6-936F-4CDAA8FF4449}.Debug|Any CPU.ActiveCfg = Debug|Any CPU
		{EEE8A96F-58FB-C2A6-936F-4CDAA8FF4449}.Debug|Any CPU.Build.0 = Debug|Any CPU
		{EEE8A96F-58FB-C2A6-936F-4CDAA8FF4449}.Release|Any CPU.ActiveCfg = Release|Any CPU
		{EEE8A96F-58FB-C2A6-936F-4CDAA8FF4449}.Release|Any CPU.Build.0 = Release|Any CPU
		{C8D3D33D-42B6-D7C3-F218-3176A006BE26}.Debug|Any CPU.ActiveCfg = Debug|Any CPU
		{C8D3D33D-42B6-D7C3-F218-3176A006BE26}.Debug|Any CPU.Build.0 = Debug|Any CPU
		{C8D3D33D-42B6-D7C3-F218-3176A006BE26}.Release|Any CPU.ActiveCfg = Release|Any CPU
		{C8D3D33D-42B6-D7C3-F218-3176A006BE26}.Release|Any CPU.Build.0 = Release|Any CPU
		{A28F113E-EEAC-AEBF-E6A8-4C80C7AAAF07}.Debug|Any CPU.ActiveCfg = Debug|Any CPU
		{A28F113E-EEAC-AEBF-E6A8-4C80C7AAAF07}.Debug|Any CPU.Build.0 = Debug|Any CPU
		{A28F113E-EEAC-AEBF-E6A8-4C80C7AAAF07}.Release|Any CPU.ActiveCfg = Release|Any CPU
		{A28F113E-EEAC-AEBF-E6A8-4C80C7AAAF07}.Release|Any CPU.Build.0 = Release|Any CPU
		{FF1A0F6F-ABBC-BDC0-A602-1D6514CEFBA8}.Debug|Any CPU.ActiveCfg = Debug|Any CPU
		{FF1A0F6F-ABBC-BDC0-A602-1D6514CEFBA8}.Debug|Any CPU.Build.0 = Debug|Any CPU
		{FF1A0F6F-ABBC-BDC0-A602-1D6514CEFBA8}.Release|Any CPU.ActiveCfg = Release|Any CPU
		{FF1A0F6F-ABBC-BDC0-A602-1D6514CEFBA8}.Release|Any CPU.Build.0 = Release|Any CPU
		{01DCF850-3616-D0E3-17B9-8688FA11A456}.Debug|Any CPU.ActiveCfg = Debug|Any CPU
		{01DCF850-3616-D0E3-17B9-8688FA11A456}.Debug|Any CPU.Build.0 = Debug|Any CPU
		{01DCF850-3616-D0E3-17B9-8688FA11A456}.Release|Any CPU.ActiveCfg = Release|Any CPU
		{01DCF850-3616-D0E3-17B9-8688FA11A456}.Release|Any CPU.Build.0 = Release|Any CPU
		{4C1FB2C2-C673-6D5B-0CDC-D37BDC834C7B}.Debug|Any CPU.ActiveCfg = Debug|Any CPU
		{4C1FB2C2-C673-6D5B-0CDC-D37BDC834C7B}.Debug|Any CPU.Build.0 = Debug|Any CPU
		{4C1FB2C2-C673-6D5B-0CDC-D37BDC834C7B}.Release|Any CPU.ActiveCfg = Release|Any CPU
		{4C1FB2C2-C673-6D5B-0CDC-D37BDC834C7B}.Release|Any CPU.Build.0 = Release|Any CPU
		{B6B8358F-3233-370B-004D-5D0E8BC4082A}.Debug|Any CPU.ActiveCfg = Debug|Any CPU
		{B6B8358F-3233-370B-004D-5D0E8BC4082A}.Debug|Any CPU.Build.0 = Debug|Any CPU
		{B6B8358F-3233-370B-004D-5D0E8BC4082A}.Release|Any CPU.ActiveCfg = Release|Any CPU
		{B6B8358F-3233-370B-004D-5D0E8BC4082A}.Release|Any CPU.Build.0 = Release|Any CPU
		{951680C0-43A0-C408-5DD3-56041D1EC646}.Debug|Any CPU.ActiveCfg = Debug|Any CPU
		{951680C0-43A0-C408-5DD3-56041D1EC646}.Debug|Any CPU.Build.0 = Debug|Any CPU
		{951680C0-43A0-C408-5DD3-56041D1EC646}.Release|Any CPU.ActiveCfg = Release|Any CPU
		{951680C0-43A0-C408-5DD3-56041D1EC646}.Release|Any CPU.Build.0 = Release|Any CPU
		{29E337AB-9671-6F29-6DC9-6B643ACE5E63}.Debug|Any CPU.ActiveCfg = Debug|Any CPU
		{29E337AB-9671-6F29-6DC9-6B643ACE5E63}.Debug|Any CPU.Build.0 = Debug|Any CPU
		{29E337AB-9671-6F29-6DC9-6B643ACE5E63}.Release|Any CPU.ActiveCfg = Release|Any CPU
		{29E337AB-9671-6F29-6DC9-6B643ACE5E63}.Release|Any CPU.Build.0 = Release|Any CPU
		{974B432B-D0E7-EDF3-8BA5-614D578C70BC}.Debug|Any CPU.ActiveCfg = Debug|Any CPU
		{974B432B-D0E7-EDF3-8BA5-614D578C70BC}.Debug|Any CPU.Build.0 = Debug|Any CPU
		{974B432B-D0E7-EDF3-8BA5-614D578C70BC}.Release|Any CPU.ActiveCfg = Release|Any CPU
		{974B432B-D0E7-EDF3-8BA5-614D578C70BC}.Release|Any CPU.Build.0 = Release|Any CPU
		{BD435A56-5D90-3F90-FE90-B9EADFC4D70C}.Debug|Any CPU.ActiveCfg = Debug|Any CPU
		{BD435A56-5D90-3F90-FE90-B9EADFC4D70C}.Debug|Any CPU.Build.0 = Debug|Any CPU
		{BD435A56-5D90-3F90-FE90-B9EADFC4D70C}.Release|Any CPU.ActiveCfg = Release|Any CPU
		{BD435A56-5D90-3F90-FE90-B9EADFC4D70C}.Release|Any CPU.Build.0 = Release|Any CPU
		{AFA42ED3-5DCB-2610-E101-28FC7C61B0CC}.Debug|Any CPU.ActiveCfg = Debug|Any CPU
		{AFA42ED3-5DCB-2610-E101-28FC7C61B0CC}.Debug|Any CPU.Build.0 = Debug|Any CPU
		{AFA42ED3-5DCB-2610-E101-28FC7C61B0CC}.Release|Any CPU.ActiveCfg = Release|Any CPU
		{AFA42ED3-5DCB-2610-E101-28FC7C61B0CC}.Release|Any CPU.Build.0 = Release|Any CPU
		{95179843-E9DE-A9BA-DB0A-AB1A09CB0362}.Debug|Any CPU.ActiveCfg = Debug|Any CPU
		{95179843-E9DE-A9BA-DB0A-AB1A09CB0362}.Debug|Any CPU.Build.0 = Debug|Any CPU
		{95179843-E9DE-A9BA-DB0A-AB1A09CB0362}.Release|Any CPU.ActiveCfg = Release|Any CPU
		{95179843-E9DE-A9BA-DB0A-AB1A09CB0362}.Release|Any CPU.Build.0 = Release|Any CPU
		{3298DEB1-BDD1-0488-19E0-85999684224D}.Debug|Any CPU.ActiveCfg = Debug|Any CPU
		{3298DEB1-BDD1-0488-19E0-85999684224D}.Debug|Any CPU.Build.0 = Debug|Any CPU
		{3298DEB1-BDD1-0488-19E0-85999684224D}.Release|Any CPU.ActiveCfg = Release|Any CPU
		{3298DEB1-BDD1-0488-19E0-85999684224D}.Release|Any CPU.Build.0 = Release|Any CPU
		{497D1F4F-BBE9-29EF-23D3-4C312D636988}.Debug|Any CPU.ActiveCfg = Debug|Any CPU
		{497D1F4F-BBE9-29EF-23D3-4C312D636988}.Debug|Any CPU.Build.0 = Debug|Any CPU
		{497D1F4F-BBE9-29EF-23D3-4C312D636988}.Release|Any CPU.ActiveCfg = Release|Any CPU
		{497D1F4F-BBE9-29EF-23D3-4C312D636988}.Release|Any CPU.Build.0 = Release|Any CPU
		{9D36C379-14C9-EF67-0142-3425D0436989}.Debug|Any CPU.ActiveCfg = Debug|Any CPU
		{9D36C379-14C9-EF67-0142-3425D0436989}.Debug|Any CPU.Build.0 = Debug|Any CPU
		{9D36C379-14C9-EF67-0142-3425D0436989}.Release|Any CPU.ActiveCfg = Release|Any CPU
		{9D36C379-14C9-EF67-0142-3425D0436989}.Release|Any CPU.Build.0 = Release|Any CPU
	EndGlobalSection
	GlobalSection(SolutionProperties) = preSolution
		HideSolutionNode = FALSE
	EndGlobalSection
EndGlobal
