
Microsoft Visual Studio Solution File, Format Version 12.00
# Visual Studio 15
Project("{FAE04EC0-301F-11D3-BF4B-00C04F79EFBC}") = "Assembly-CSharp", "Assembly-CSharp.csproj", "{6043528C-F3F6-B785-6861-168C94D16191}"
EndProject
Project("{FAE04EC0-301F-11D3-BF4B-00C04F79EFBC}") = "LeanTouch", "LeanTouch.csproj", "{0BE178B0-A10F-2BF7-1E7D-22EED4E16B97}"
EndProject
Project("{FAE04EC0-301F-11D3-BF4B-00C04F79EFBC}") = "LeanCommon", "LeanCommon.csproj", "{9850C027-8805-A485-A286-CAE73D31BB06}"
EndProject
Project("{FAE04EC0-301F-11D3-BF4B-00C04F79EFBC}") = "Assembly-CSharp-Editor", "Assembly-CSharp-Editor.csproj", "{2EE42250-A391-FF6A-4A88-AC4DFCE33749}"
EndProject
Global
	GlobalSection(SolutionConfigurationPlatforms) = preSolution
		Debug|Any CPU = Debug|Any CPU
		Release|Any CPU = Release|Any CPU
	EndGlobalSection
	GlobalSection(ProjectConfigurationPlatforms) = postSolution
		{6043528C-F3F6-B785-6861-168C94D16191}.Debug|Any CPU.ActiveCfg = Debug|Any CPU
		{6043528C-F3F6-B785-6861-168C94D16191}.Debug|Any CPU.Build.0 = Debug|Any CPU
		{6043528C-F3F6-B785-6861-168C94D16191}.Release|Any CPU.ActiveCfg = Release|Any CPU
		{6043528C-F3F6-B785-6861-168C94D16191}.Release|Any CPU.Build.0 = Release|Any CPU
		{0BE178B0-A10F-2BF7-1E7D-22EED4E16B97}.Debug|Any CPU.ActiveCfg = Debug|Any CPU
		{0BE178B0-A10F-2BF7-1E7D-22EED4E16B97}.Debug|Any CPU.Build.0 = Debug|Any CPU
		{0BE178B0-A10F-2BF7-1E7D-22EED4E16B97}.Release|Any CPU.ActiveCfg = Release|Any CPU
		{0BE178B0-A10F-2BF7-1E7D-22EED4E16B97}.Release|Any CPU.Build.0 = Release|Any CPU
		{9850C027-8805-A485-A286-CAE73D31BB06}.Debug|Any CPU.ActiveCfg = Debug|Any CPU
		{9850C027-8805-A485-A286-CAE73D31BB06}.Debug|Any CPU.Build.0 = Debug|Any CPU
		{9850C027-8805-A485-A286-CAE73D31BB06}.Release|Any CPU.ActiveCfg = Release|Any CPU
		{9850C027-8805-A485-A286-CAE73D31BB06}.Release|Any CPU.Build.0 = Release|Any CPU
		{2EE42250-A391-FF6A-4A88-AC4DFCE33749}.Debug|Any CPU.ActiveCfg = Debug|Any CPU
		{2EE42250-A391-FF6A-4A88-AC4DFCE33749}.Debug|Any CPU.Build.0 = Debug|Any CPU
		{2EE42250-A391-FF6A-4A88-AC4DFCE33749}.Release|Any CPU.ActiveCfg = Release|Any CPU
		{2EE42250-A391-FF6A-4A88-AC4DFCE33749}.Release|Any CPU.Build.0 = Release|Any CPU
	EndGlobalSection
	GlobalSection(SolutionProperties) = preSolution
		HideSolutionNode = FALSE
	EndGlobalSection
EndGlobal
